
Microsoft Visual Studio Solution File, Format Version 12.00
# Visual Studio 14
VisualStudioVersion = 14.0.25420.1
MinimumVisualStudioVersion = 10.0.40219.1
Project("{2150E333-8FDC-42A3-9474-1A3956D46DE8}") = "src", "src", "{75E221C5-2CE1-4A96-9509-696D2EF611BD}"
EndProject
Project("{2150E333-8FDC-42A3-9474-1A3956D46DE8}") = "Solution Items", "Solution Items", "{9F463D79-8545-4E64-82F6-127E4B60DDB6}"
	ProjectSection(SolutionItems) = preProject
		global.json = global.json
	EndProjectSection
EndProject
Project("{8BB2217D-0F2D-49D1-97BC-3654ED321F3B}") = "ESP.FlightBook", "src\ESP.FlightBook\ESP.FlightBook.xproj", "{F3B8B564-8EC6-408D-9C82-D63CD7BADC9E}"
EndProject
Global
	GlobalSection(SolutionConfigurationPlatforms) = preSolution
		Debug|Any CPU = Debug|Any CPU
		Release|Any CPU = Release|Any CPU
	EndGlobalSection
	GlobalSection(ProjectConfigurationPlatforms) = postSolution
		{F3B8B564-8EC6-408D-9C82-D63CD7BADC9E}.Debug|Any CPU.ActiveCfg = Debug|Any CPU
		{F3B8B564-8EC6-408D-9C82-D63CD7BADC9E}.Debug|Any CPU.Build.0 = Debug|Any CPU
		{F3B8B564-8EC6-408D-9C82-D63CD7BADC9E}.Release|Any CPU.ActiveCfg = Release|Any CPU
		{F3B8B564-8EC6-408D-9C82-D63CD7BADC9E}.Release|Any CPU.Build.0 = Release|Any CPU
	EndGlobalSection
	GlobalSection(SolutionProperties) = preSolution
		HideSolutionNode = FALSE
	EndGlobalSection
	GlobalSection(NestedProjects) = preSolution
		{F3B8B564-8EC6-408D-9C82-D63CD7BADC9E} = {75E221C5-2CE1-4A96-9509-696D2EF611BD}
	EndGlobalSection
EndGlobal
